// !$*UTF8*$!
{
	archiveVersion = 1;
	classes = {
	};
	objectVersion = 50;
	objects = {

/* Begin PBXBuildFile section */
		72CF6BAD23B42BC800F43CFB /* AppDelegate.swift in Sources */ = {isa = PBXBuildFile; fileRef = 72CF6BAC23B42BC800F43CFB /* AppDelegate.swift */; };
		72CF6BAF23B42BC800F43CFB /* SceneDelegate.swift in Sources */ = {isa = PBXBuildFile; fileRef = 72CF6BAE23B42BC800F43CFB /* SceneDelegate.swift */; };
		72CF6BB123B42BC800F43CFB /* ViewController.swift in Sources */ = {isa = PBXBuildFile; fileRef = 72CF6BB023B42BC800F43CFB /* ViewController.swift */; };
		72CF6BB423B42BC800F43CFB /* Main.storyboard in Resources */ = {isa = PBXBuildFile; fileRef = 72CF6BB223B42BC800F43CFB /* Main.storyboard */; };
		72CF6BB623B42BCB00F43CFB /* Assets.xcassets in Resources */ = {isa = PBXBuildFile; fileRef = 72CF6BB523B42BCB00F43CFB /* Assets.xcassets */; };
		72CF6BB923B42BCB00F43CFB /* LaunchScreen.storyboard in Resources */ = {isa = PBXBuildFile; fileRef = 72CF6BB723B42BCB00F43CFB /* LaunchScreen.storyboard */; };
/* End PBXBuildFile section */

/* Begin PBXFileReference section */
		72CF6BA923B42BC800F43CFB /* ShopifyMatchingGame.app */ = {isa = PBXFileReference; explicitFileType = wrapper.application; includeInIndex = 0; path = ShopifyMatchingGame.app; sourceTree = BUILT_PRODUCTS_DIR; };
		72CF6BAC23B42BC800F43CFB /* AppDelegate.swift */ = {isa = PBXFileReference; lastKnownFileType = sourcecode.swift; path = AppDelegate.swift; sourceTree = "<group>"; };
		72CF6BAE23B42BC800F43CFB /* SceneDelegate.swift */ = {isa = PBXFileReference; lastKnownFileType = sourcecode.swift; path = SceneDelegate.swift; sourceTree = "<group>"; };
		72CF6BB023B42BC800F43CFB /* ViewController.swift */ = {isa = PBXFileReference; lastKnownFileType = sourcecode.swift; path = ViewController.swift; sourceTree = "<group>"; };
		72CF6BB323B42BC800F43CFB /* Base */ = {isa = PBXFileReference; lastKnownFileType = file.storyboard; name = Base; path = Base.lproj/Main.storyboard; sourceTree = "<group>"; };
		72CF6BB523B42BCB00F43CFB /* Assets.xcassets */ = {isa = PBXFileReference; lastKnownFileType = folder.assetcatalog; path = Assets.xcassets; sourceTree = "<group>"; };
		72CF6BB823B42BCB00F43CFB /* Base */ = {isa = PBXFileReference; lastKnownFileType = file.storyboard; name = Base; path = Base.lproj/LaunchScreen.storyboard; sourceTree = "<group>"; };
		72CF6BBA23B42BCB00F43CFB /* Info.plist */ = {isa = PBXFileReference; lastKnownFileType = text.plist.xml; path = Info.plist; sourceTree = "<group>"; };
/* End PBXFileReference section */

/* Begin PBXFrameworksBuildPhase section */
		72CF6BA623B42BC800F43CFB /* Frameworks */ = {
			isa = PBXFrameworksBuildPhase;
			buildActionMask = 2147483647;
			files = (
			);
			runOnlyForDeploymentPostprocessing = 0;
		};
/* End PBXFrameworksBuildPhase section */

/* Begin PBXGroup section */
		72CF6BA023B42BC800F43CFB = {
			isa = PBXGroup;
			children = (
				72CF6BAB23B42BC800F43CFB /* ShopifyMatchingGame */,
				72CF6BAA23B42BC800F43CFB /* Products */,
			);
			sourceTree = "<group>";
		};
		72CF6BAA23B42BC800F43CFB /* Products */ = {
			isa = PBXGroup;
			children = (
				72CF6BA923B42BC800F43CFB /* ShopifyMatchingGame.app */,
			);
			name = Products;
			sourceTree = "<group>";
		};
		72CF6BAB23B42BC800F43CFB /* ShopifyMatchingGame */ = {
			isa = PBXGroup;
			children = (
				72CF6BAC23B42BC800F43CFB /* AppDelegate.swift */,
				72CF6BAE23B42BC800F43CFB /* SceneDelegate.swift */,
				72CF6BB023B42BC800F43CFB /* ViewController.swift */,
				72CF6BB223B42BC800F43CFB /* Main.storyboard */,
				72CF6BB523B42BCB00F43CFB /* Assets.xcassets */,
				72CF6BB723B42BCB00F43CFB /* LaunchScreen.storyboard */,
				72CF6BBA23B42BCB00F43CFB /* Info.plist */,
			);
			path = ShopifyMatchingGame;
			sourceTree = "<group>";
		};
/* End PBXGroup section */

/* Begin PBXNativeTarget section */
		72CF6BA823B42BC800F43CFB /* ShopifyMatchingGame */ = {
			isa = PBXNativeTarget;
			buildConfigurationList = 72CF6BBD23B42BCB00F43CFB /* Build configuration list for PBXNativeTarget "ShopifyMatchingGame" */;
			buildPhases = (
				72CF6BA523B42BC800F43CFB /* Sources */,
				72CF6BA623B42BC800F43CFB /* Frameworks */,
				72CF6BA723B42BC800F43CFB /* Resources */,
			);
			buildRules = (
			);
			dependencies = (
			);
			name = ShopifyMatchingGame;
			productName = ShopifyMatchingGame;
			productReference = 72CF6BA923B42BC800F43CFB /* ShopifyMatchingGame.app */;
			productType = "com.apple.product-type.application";
		};
/* End PBXNativeTarget section */

/* Begin PBXProject section */
		72CF6BA123B42BC800F43CFB /* Project object */ = {
			isa = PBXProject;
			attributes = {
				LastSwiftUpdateCheck = 1110;
				LastUpgradeCheck = 1110;
				ORGANIZATIONNAME = "Arjun Dureja";
				TargetAttributes = {
					72CF6BA823B42BC800F43CFB = {
						CreatedOnToolsVersion = 11.1;
					};
				};
			};
			buildConfigurationList = 72CF6BA423B42BC800F43CFB /* Build configuration list for PBXProject "ShopifyMatchingGame" */;
			compatibilityVersion = "Xcode 9.3";
			developmentRegion = en;
			hasScannedForEncodings = 0;
			knownRegions = (
				en,
				Base,
			);
			mainGroup = 72CF6BA023B42BC800F43CFB;
			productRefGroup = 72CF6BAA23B42BC800F43CFB /* Products */;
			projectDirPath = "";
			projectRoot = "";
			targets = (
				72CF6BA823B42BC800F43CFB /* ShopifyMatchingGame */,
			);
		};
/* End PBXProject section */

/* Begin PBXResourcesBuildPhase section */
		72CF6BA723B42BC800F43CFB /* Resources */ = {
			isa = PBXResourcesBuildPhase;
			buildActionMask = 2147483647;
			files = (
				72CF6BB923B42BCB00F43CFB /* LaunchScreen.storyboard in Resources */,
				72CF6BB623B42BCB00F43CFB /* Assets.xcassets in Resources */,
				72CF6BB423B42BC800F43CFB /* Main.storyboard in Resources */,
			);
			runOnlyForDeploymentPostprocessing = 0;
		};
/* End PBXResourcesBuildPhase section */

/* Begin PBXSourcesBuildPhase section */
		72CF6BA523B42BC800F43CFB /* Sources */ = {
			isa = PBXSourcesBuildPhase;
			buildActionMask = 2147483647;
			files = (
				72CF6BB123B42BC800F43CFB /* ViewController.swift in Sources */,
				72CF6BAD23B42BC800F43CFB /* AppDelegate.swift in Sources */,
				72CF6BAF23B42BC800F43CFB /* SceneDelegate.swift in Sources */,
			);
			runOnlyForDeploymentPostprocessing = 0;
		};
/* End PBXSourcesBuildPhase section */

/* Begin PBXVariantGroup section */
		72CF6BB223B42BC800F43CFB /* Main.storyboard */ = {
			isa = PBXVariantGroup;
			children = (
				72CF6BB323B42BC800F43CFB /* Base */,
			);
			name = Main.storyboard;
			sourceTree = "<group>";
		};
		72CF6BB723B42BCB00F43CFB /* LaunchScreen.storyboard */ = {
			isa = PBXVariantGroup;
			children = (
				72CF6BB823B42BCB00F43CFB /* Base */,
			);
			name = LaunchScreen.storyboard;
			sourceTree = "<group>";
		};
/* End PBXVariantGroup section */

/* Begin XCBuildConfiguration section */
		72CF6BBB23B42BCB00F43CFB /* Debug */ = {
			isa = XCBuildConfiguration;
			buildSettings = {
				ALWAYS_SEARCH_USER_PATHS = NO;
				CLANG_ANALYZER_NONNULL = YES;
				CLANG_ANALYZER_NUMBER_OBJECT_CONVERSION = YES_AGGRESSIVE;
				CLANG_CXX_LANGUAGE_STANDARD = "gnu++14";
				CLANG_CXX_LIBRARY = "libc++";
				CLANG_ENABLE_MODULES = YES;
				CLANG_ENABLE_OBJC_ARC = YES;
				CLANG_ENABLE_OBJC_WEAK = YES;
				CLANG_WARN_BLOCK_CAPTURE_AUTORELEASING = YES;
				CLANG_WARN_BOOL_CONVERSION = YES;
				CLANG_WARN_COMMA = YES;
				CLANG_WARN_CONSTANT_CONVERSION = YES;
				CLANG_WARN_DEPRECATED_OBJC_IMPLEMENTATIONS = YES;
				CLANG_WARN_DIRECT_OBJC_ISA_USAGE = YES_ERROR;
				CLANG_WARN_DOCUMENTATION_COMMENTS = YES;
				CLANG_WARN_EMPTY_BODY = YES;
				CLANG_WARN_ENUM_CONVERSION = YES;
				CLANG_WARN_INFINITE_RECURSION = YES;
				CLANG_WARN_INT_CONVERSION = YES;
				CLANG_WARN_NON_LITERAL_NULL_CONVERSION = YES;
				CLANG_WARN_OBJC_IMPLICIT_RETAIN_SELF = YES;
				CLANG_WARN_OBJC_LITERAL_CONVERSION = YES;
				CLANG_WARN_OBJC_ROOT_CLASS = YES_ERROR;
				CLANG_WARN_RANGE_LOOP_ANALYSIS = YES;
				CLANG_WARN_STRICT_PROTOTYPES = YES;
				CLANG_WARN_SUSPICIOUS_MOVE = YES;
				CLANG_WARN_UNGUARDED_AVAILABILITY = YES_AGGRESSIVE;
				CLANG_WARN_UNREACHABLE_CODE = YES;
				CLANG_WARN__DUPLICATE_METHOD_MATCH = YES;
				COPY_PHASE_STRIP = NO;
				DEBUG_INFORMATION_FORMAT = dwarf;
				ENABLE_STRICT_OBJC_MSGSEND = YES;
				ENABLE_TESTABILITY = YES;
				GCC_C_LANGUAGE_STANDARD = gnu11;
				GCC_DYNAMIC_NO_PIC = NO;
				GCC_NO_COMMON_BLOCKS = YES;
				GCC_OPTIMIZATION_LEVEL = 0;
				GCC_PREPROCESSOR_DEFINITIONS = (
					"DEBUG=1",
					"$(inherited)",
				);
				GCC_WARN_64_TO_32_BIT_CONVERSION = YES;
				GCC_WARN_ABOUT_RETURN_TYPE = YES_ERROR;
				GCC_WARN_UNDECLARED_SELECTOR = YES;
				GCC_WARN_UNINITIALIZED_AUTOS = YES_AGGRESSIVE;
				GCC_WARN_UNUSED_FUNCTION = YES;
				GCC_WARN_UNUSED_VARIABLE = YES;
				IPHONEOS_DEPLOYMENT_TARGET = 13.1;
				MTL_ENABLE_DEBUG_INFO = INCLUDE_SOURCE;
				MTL_FAST_MATH = YES;
				ONLY_ACTIVE_ARCH = YES;
				SDKROOT = iphoneos;
				SWIFT_ACTIVE_COMPILATION_CONDITIONS = DEBUG;
				SWIFT_OPTIMIZATION_LEVEL = "-Onone";
			};
			name = Debug;
		};
		72CF6BBC23B42BCB00F43CFB /* Release */ = {
			isa = XCBuildConfiguration;
			buildSettings = {
				ALWAYS_SEARCH_USER_PATHS = NO;
				CLANG_ANALYZER_NONNULL = YES;
				CLANG_ANALYZER_NUMBER_OBJECT_CONVERSION = YES_AGGRESSIVE;
				CLANG_CXX_LANGUAGE_STANDARD = "gnu++14";
				CLANG_CXX_LIBRARY = "libc++";
				CLANG_ENABLE_MODULES = YES;
				CLANG_ENABLE_OBJC_ARC = YES;
				CLANG_ENABLE_OBJC_WEAK = YES;
				CLANG_WARN_BLOCK_CAPTURE_AUTORELEASING = YES;
				CLANG_WARN_BOOL_CONVERSION = YES;
				CLANG_WARN_COMMA = YES;
				CLANG_WARN_CONSTANT_CONVERSION = YES;
				CLANG_WARN_DEPRECATED_OBJC_IMPLEMENTATIONS = YES;
				CLANG_WARN_DIRECT_OBJC_ISA_USAGE = YES_ERROR;
				CLANG_WARN_DOCUMENTATION_COMMENTS = YES;
				CLANG_WARN_EMPTY_BODY = YES;
				CLANG_WARN_ENUM_CONVERSION = YES;
				CLANG_WARN_INFINITE_RECURSION = YES;
				CLANG_WARN_INT_CONVERSION = YES;
				CLANG_WARN_NON_LITERAL_NULL_CONVERSION = YES;
				CLANG_WARN_OBJC_IMPLICIT_RETAIN_SELF = YES;
				CLANG_WARN_OBJC_LITERAL_CONVERSION = YES;
				CLANG_WARN_OBJC_ROOT_CLASS = YES_ERROR;
				CLANG_WARN_RANGE_LOOP_ANALYSIS = YES;
				CLANG_WARN_STRICT_PROTOTYPES = YES;
				CLANG_WARN_SUSPICIOUS_MOVE = YES;
				CLANG_WARN_UNGUARDED_AVAILABILITY = YES_AGGRESSIVE;
				CLANG_WARN_UNREACHABLE_CODE = YES;
				CLANG_WARN__DUPLICATE_METHOD_MATCH = YES;
				COPY_PHASE_STRIP = NO;
				DEBUG_INFORMATION_FORMAT = "dwarf-with-dsym";
				ENABLE_NS_ASSERTIONS = NO;
				ENABLE_STRICT_OBJC_MSGSEND = YES;
				GCC_C_LANGUAGE_STANDARD = gnu11;
				GCC_NO_COMMON_BLOCKS = YES;
				GCC_WARN_64_TO_32_BIT_CONVERSION = YES;
				GCC_WARN_ABOUT_RETURN_TYPE = YES_ERROR;
				GCC_WARN_UNDECLARED_SELECTOR = YES;
				GCC_WARN_UNINITIALIZED_AUTOS = YES_AGGRESSIVE;
				GCC_WARN_UNUSED_FUNCTION = YES;
				GCC_WARN_UNUSED_VARIABLE = YES;
				IPHONEOS_DEPLOYMENT_TARGET = 13.1;
				MTL_ENABLE_DEBUG_INFO = NO;
				MTL_FAST_MATH = YES;
				SDKROOT = iphoneos;
				SWIFT_COMPILATION_MODE = wholemodule;
				SWIFT_OPTIMIZATION_LEVEL = "-O";
				VALIDATE_PRODUCT = YES;
			};
			name = Release;
		};
		72CF6BBE23B42BCB00F43CFB /* Debug */ = {
			isa = XCBuildConfiguration;
			buildSettings = {
				ASSETCATALOG_COMPILER_APPICON_NAME = AppIcon;
				CODE_SIGN_STYLE = Automatic;
				DEVELOPMENT_TEAM = 3KFKTY5JX3;
				INFOPLIST_FILE = ShopifyMatchingGame/Info.plist;
				LD_RUNPATH_SEARCH_PATHS = (
					"$(inherited)",
					"@executable_path/Frameworks",
				);
				PRODUCT_BUNDLE_IDENTIFIER = com.arjundureja.ShopifyMatchingGame;
				PRODUCT_NAME = "$(TARGET_NAME)";
				SWIFT_VERSION = 5.0;
				TARGETED_DEVICE_FAMILY = "1,2";
			};
			name = Debug;
		};
		72CF6BBF23B42BCB00F43CFB /* Release */ = {
			isa = XCBuildConfiguration;
			buildSettings = {
				ASSETCATALOG_COMPILER_APPICON_NAME = AppIcon;
				CODE_SIGN_STYLE = Automatic;
				DEVELOPMENT_TEAM = 3KFKTY5JX3;
				INFOPLIST_FILE = ShopifyMatchingGame/Info.plist;
				LD_RUNPATH_SEARCH_PATHS = (
					"$(inherited)",
					"@executable_path/Frameworks",
				);
				PRODUCT_BUNDLE_IDENTIFIER = com.arjundureja.ShopifyMatchingGame;
				PRODUCT_NAME = "$(TARGET_NAME)";
				SWIFT_VERSION = 5.0;
				TARGETED_DEVICE_FAMILY = "1,2";
			};
			name = Release;
		};
/* End XCBuildConfiguration section */

/* Begin XCConfigurationList section */
		72CF6BA423B42BC800F43CFB /* Build configuration list for PBXProject "ShopifyMatchingGame" */ = {
			isa = XCConfigurationList;
			buildConfigurations = (
				72CF6BBB23B42BCB00F43CFB /* Debug */,
				72CF6BBC23B42BCB00F43CFB /* Release */,
			);
			defaultConfigurationIsVisible = 0;
			defaultConfigurationName = Release;
		};
		72CF6BBD23B42BCB00F43CFB /* Build configuration list for PBXNativeTarget "ShopifyMatchingGame" */ = {
			isa = XCConfigurationList;
			buildConfigurations = (
				72CF6BBE23B42BCB00F43CFB /* Debug */,
				72CF6BBF23B42BCB00F43CFB /* Release */,
			);
			defaultConfigurationIsVisible = 0;
			defaultConfigurationName = Release;
		};
/* End XCConfigurationList section */
	};
	rootObject = 72CF6BA123B42BC800F43CFB /* Project object */;
}
